
Microsoft Visual Studio Solution File, Format Version 12.00
# Visual Studio Version 17
VisualStudioVersion = 17.7.34202.233
MinimumVisualStudioVersion = 10.0.40219.1
Project("{FAE04EC0-301F-11D3-BF4B-00C04F79EFBC}") = "WebAPI", "WebAPI\WebAPI.csproj", "{835EF94B-C2A7-48EC-9B61-580A8DFC6788}"
EndProject
Project("{FAE04EC0-301F-11D3-BF4B-00C04F79EFBC}") = "Mocanu_Raluca_Lab11", "Mocanu_Raluca_Lab11\Mocanu_Raluca_Lab11.csproj", "{3C46C00F-0920-4E33-9E93-8BB6D74A37C6}"
EndProject
Global
	GlobalSection(SolutionConfigurationPlatforms) = preSolution
		Debug|Any CPU = Debug|Any CPU
		Release|Any CPU = Release|Any CPU
	EndGlobalSection
	GlobalSection(ProjectConfigurationPlatforms) = postSolution
		{835EF94B-C2A7-48EC-9B61-580A8DFC6788}.Debug|Any CPU.ActiveCfg = Debug|Any CPU
		{835EF94B-C2A7-48EC-9B61-580A8DFC6788}.Debug|Any CPU.Build.0 = Debug|Any CPU
		{835EF94B-C2A7-48EC-9B61-580A8DFC6788}.Release|Any CPU.ActiveCfg = Release|Any CPU
		{835EF94B-C2A7-48EC-9B61-580A8DFC6788}.Release|Any CPU.Build.0 = Release|Any CPU
		{3C46C00F-0920-4E33-9E93-8BB6D74A37C6}.Debug|Any CPU.ActiveCfg = Debug|Any CPU
		{3C46C00F-0920-4E33-9E93-8BB6D74A37C6}.Debug|Any CPU.Build.0 = Debug|Any CPU
		{3C46C00F-0920-4E33-9E93-8BB6D74A37C6}.Debug|Any CPU.Deploy.0 = Debug|Any CPU
		{3C46C00F-0920-4E33-9E93-8BB6D74A37C6}.Release|Any CPU.ActiveCfg = Release|Any CPU
		{3C46C00F-0920-4E33-9E93-8BB6D74A37C6}.Release|Any CPU.Build.0 = Release|Any CPU
		{3C46C00F-0920-4E33-9E93-8BB6D74A37C6}.Release|Any CPU.Deploy.0 = Release|Any CPU
	EndGlobalSection
	GlobalSection(SolutionProperties) = preSolution
		HideSolutionNode = FALSE
	EndGlobalSection
	GlobalSection(ExtensibilityGlobals) = postSolution
		SolutionGuid = {08E0A5E4-FAC9-4AC3-8D6F-DDD7F8B58025}
	EndGlobalSection
EndGlobal
